lockfileVersion: '9.0'

settings:
  autoInstallPeers: true
  excludeLinksFromLockfile: false

importers:

  .:
    dependencies:
      cva:
        specifier: ^0.0.0
        version: 0.0.0

packages:

  cva@0.0.0:
    resolution: {integrity: sha512-KPdxLxXhIzmCNtGpqdONKC1JwEx0cDH8cnYh7KYFxO7JYf4DqqtcLg6g+1QA0SlIdME18n9m337DOxIlrsSF5Q==}

snapshots:

  cva@0.0.0: {}
